
Microsoft Visual Studio Solution File, Format Version 12.00
# Visual Studio Version 16
VisualStudioVersion = 16.0.29418.71
MinimumVisualStudioVersion = 10.0.40219.1
Project("{FAE04EC0-301F-11D3-BF4B-00C04F79EFBC}") = "Observers", "Observers\Observers.csproj", "{108696A1-66E4-44F9-8CAF-06732C4FB560}"
EndProject
Project("{FAE04EC0-301F-11D3-BF4B-00C04F79EFBC}") = "Delegates", "Delegates\Delegates.csproj", "{EA3BA3DB-90BB-4904-8837-ACA618A9D7B2}"
EndProject
Global
	GlobalSection(SolutionConfigurationPlatforms) = preSolution
		Debug|Any CPU = Debug|Any CPU
		Release|Any CPU = Release|Any CPU
	EndGlobalSection
	GlobalSection(ProjectConfigurationPlatforms) = postSolution
		{108696A1-66E4-44F9-8CAF-06732C4FB560}.Debug|Any CPU.ActiveCfg = Debug|Any CPU
		{108696A1-66E4-44F9-8CAF-06732C4FB560}.Debug|Any CPU.Build.0 = Debug|Any CPU
		{108696A1-66E4-44F9-8CAF-06732C4FB560}.Release|Any CPU.ActiveCfg = Release|Any CPU
		{108696A1-66E4-44F9-8CAF-06732C4FB560}.Release|Any CPU.Build.0 = Release|Any CPU
		{EA3BA3DB-90BB-4904-8837-ACA618A9D7B2}.Debug|Any CPU.ActiveCfg = Debug|Any CPU
		{EA3BA3DB-90BB-4904-8837-ACA618A9D7B2}.Debug|Any CPU.Build.0 = Debug|Any CPU
		{EA3BA3DB-90BB-4904-8837-ACA618A9D7B2}.Release|Any CPU.ActiveCfg = Release|Any CPU
		{EA3BA3DB-90BB-4904-8837-ACA618A9D7B2}.Release|Any CPU.Build.0 = Release|Any CPU
	EndGlobalSection
	GlobalSection(SolutionProperties) = preSolution
		HideSolutionNode = FALSE
	EndGlobalSection
	GlobalSection(ExtensibilityGlobals) = postSolution
		SolutionGuid = {7F453078-6794-4EBF-9370-8E5D982243DA}
	EndGlobalSection
EndGlobal
